
Microsoft Visual Studio Solution File, Format Version 12.00
# Visual Studio Version 16
VisualStudioVersion = 16.0.31515.178
MinimumVisualStudioVersion = 10.0.40219.1
Project("{FAE04EC0-301F-11D3-BF4B-00C04F79EFBC}") = "codeillaBlog", "codeillaBlog\codeillaBlog.csproj", "{F092CA0E-FEE3-49E8-9E5E-1D5489D528C2}"
EndProject
Global
	GlobalSection(SolutionConfigurationPlatforms) = preSolution
		Debug|Any CPU = Debug|Any CPU
		Release|Any CPU = Release|Any CPU
	EndGlobalSection
	GlobalSection(ProjectConfigurationPlatforms) = postSolution
		{F092CA0E-FEE3-49E8-9E5E-1D5489D528C2}.Debug|Any CPU.ActiveCfg = Debug|Any CPU
		{F092CA0E-FEE3-49E8-9E5E-1D5489D528C2}.Debug|Any CPU.Build.0 = Debug|Any CPU
		{F092CA0E-FEE3-49E8-9E5E-1D5489D528C2}.Release|Any CPU.ActiveCfg = Release|Any CPU
		{F092CA0E-FEE3-49E8-9E5E-1D5489D528C2}.Release|Any CPU.Build.0 = Release|Any CPU
	EndGlobalSection
	GlobalSection(SolutionProperties) = preSolution
		HideSolutionNode = FALSE
	EndGlobalSection
	GlobalSection(ExtensibilityGlobals) = postSolution
		SolutionGuid = {1C19F8A8-297D-4D5A-B5F1-43743FCB370A}
	EndGlobalSection
EndGlobal
